
Microsoft Visual Studio Solution File, Format Version 12.00
# Visual Studio Version 16
VisualStudioVersion = 25.0.1703.6
MinimumVisualStudioVersion = 10.0.40219.1
Project("{FAE04EC0-301F-11D3-BF4B-00C04F79EFBC}") = "01.Number_Pyramid", "01.Number_Pyramid\01.Number_Pyramid.csproj", "{DD78046B-1E37-46A9-9E9E-AA50FBFC5E0F}"
EndProject
Global
	GlobalSection(SolutionConfigurationPlatforms) = preSolution
		Debug|Any CPU = Debug|Any CPU
		Release|Any CPU = Release|Any CPU
	EndGlobalSection
	GlobalSection(ProjectConfigurationPlatforms) = postSolution
		{DD78046B-1E37-46A9-9E9E-AA50FBFC5E0F}.Debug|Any CPU.ActiveCfg = Debug|Any CPU
		{DD78046B-1E37-46A9-9E9E-AA50FBFC5E0F}.Debug|Any CPU.Build.0 = Debug|Any CPU
		{DD78046B-1E37-46A9-9E9E-AA50FBFC5E0F}.Release|Any CPU.ActiveCfg = Release|Any CPU
		{DD78046B-1E37-46A9-9E9E-AA50FBFC5E0F}.Release|Any CPU.Build.0 = Release|Any CPU
	EndGlobalSection
	GlobalSection(SolutionProperties) = preSolution
		HideSolutionNode = FALSE
	EndGlobalSection
	GlobalSection(ExtensibilityGlobals) = postSolution
		SolutionGuid = {0924A261-16E5-48BC-AE7E-F8153930F98C}
	EndGlobalSection
EndGlobal
